
Microsoft Visual Studio Solution File, Format Version 12.00
# Visual Studio Version 17
VisualStudioVersion = 17.6.33723.286
MinimumVisualStudioVersion = 10.0.40219.1
Project("{9A19103F-16F7-4668-BE54-9A1E7A4F7556}") = "ShipMaid", "ShipMaid.csproj", "{DD9578ED-AD95-4D1B-A26C-A63D236F87D0}"
EndProject
Global
	GlobalSection(SolutionConfigurationPlatforms) = preSolution
		Debug|Any CPU = Debug|Any CPU
		Release|Any CPU = Release|Any CPU
	EndGlobalSection
	GlobalSection(ProjectConfigurationPlatforms) = postSolution
		{DD9578ED-AD95-4D1B-A26C-A63D236F87D0}.Debug|Any CPU.ActiveCfg = Debug|Any CPU
		{DD9578ED-AD95-4D1B-A26C-A63D236F87D0}.Debug|Any CPU.Build.0 = Debug|Any CPU
		{DD9578ED-AD95-4D1B-A26C-A63D236F87D0}.Release|Any CPU.ActiveCfg = Release|Any CPU
		{DD9578ED-AD95-4D1B-A26C-A63D236F87D0}.Release|Any CPU.Build.0 = Release|Any CPU
	EndGlobalSection
	GlobalSection(SolutionProperties) = preSolution
		HideSolutionNode = FALSE
	EndGlobalSection
	GlobalSection(ExtensibilityGlobals) = postSolution
		SolutionGuid = {962616A5-2459-4686-8F1C-0BB53E3C9A6D}
	EndGlobalSection
EndGlobal
